
Microsoft Visual Studio Solution File, Format Version 12.00
# Visual Studio Version 17
VisualStudioVersion = 17.10.35122.118
MinimumVisualStudioVersion = 10.0.40219.1
Project("{FAE04EC0-301F-11D3-BF4B-00C04F79EFBC}") = "DrawingDetailingModule", "DrawingDetailingModule\DrawingDetailingModule.csproj", "{AC8488C2-CB69-4193-B6E5-A9F61D13274D}"
EndProject
Project("{FAE04EC0-301F-11D3-BF4B-00C04F79EFBC}") = "DrawingDetailingModuleTests", "DrawingDetailingModuleTests\DrawingDetailingModuleTests.csproj", "{0A98B74D-28A2-48E4-B43E-21A6FF35AD00}"
EndProject
Global
	GlobalSection(SolutionConfigurationPlatforms) = preSolution
		Debug|Any CPU = Debug|Any CPU
		Release|Any CPU = Release|Any CPU
	EndGlobalSection
	GlobalSection(ProjectConfigurationPlatforms) = postSolution
		{AC8488C2-CB69-4193-B6E5-A9F61D13274D}.Debug|Any CPU.ActiveCfg = Debug|Any CPU
		{AC8488C2-CB69-4193-B6E5-A9F61D13274D}.Debug|Any CPU.Build.0 = Debug|Any CPU
		{AC8488C2-CB69-4193-B6E5-A9F61D13274D}.Release|Any CPU.ActiveCfg = Release|Any CPU
		{AC8488C2-CB69-4193-B6E5-A9F61D13274D}.Release|Any CPU.Build.0 = Release|Any CPU
		{0A98B74D-28A2-48E4-B43E-21A6FF35AD00}.Debug|Any CPU.ActiveCfg = Debug|Any CPU
		{0A98B74D-28A2-48E4-B43E-21A6FF35AD00}.Debug|Any CPU.Build.0 = Debug|Any CPU
		{0A98B74D-28A2-48E4-B43E-21A6FF35AD00}.Release|Any CPU.ActiveCfg = Release|Any CPU
		{0A98B74D-28A2-48E4-B43E-21A6FF35AD00}.Release|Any CPU.Build.0 = Release|Any CPU
	EndGlobalSection
	GlobalSection(SolutionProperties) = preSolution
		HideSolutionNode = FALSE
	EndGlobalSection
	GlobalSection(ExtensibilityGlobals) = postSolution
		SolutionGuid = {ACF6A9E3-4C27-4701-833C-B3426D318B2D}
	EndGlobalSection
EndGlobal
